
Microsoft Visual Studio Solution File, Format Version 12.00
# Visual Studio Version 16
VisualStudioVersion = 16.0.28803.202
MinimumVisualStudioVersion = 10.0.40219.1
Project("{9A19103F-16F7-4668-BE54-9A1E7A4F7556}") = "MessengerServer", "MessengerServer\MessengerServer.csproj", "{CF82EA1D-1D75-41AB-91A2-711E7D5A6CB9}"
EndProject
Project("{9A19103F-16F7-4668-BE54-9A1E7A4F7556}") = "Contract", "Contract\Contract.csproj", "{80ED870E-3242-497A-A0D1-A4C68BF50106}"
EndProject
Project("{9A19103F-16F7-4668-BE54-9A1E7A4F7556}") = "wRPC", "wRPC\wRPC.csproj", "{1B7F7C87-34D0-4DF4-84CF-AAE97101F791}"
EndProject
Project("{9A19103F-16F7-4668-BE54-9A1E7A4F7556}") = "StubClient", "Tools\StubClient\StubClient.csproj", "{CFF18421-F020-4D7A-8F0A-D83ACCE53622}"
EndProject
Project("{9A19103F-16F7-4668-BE54-9A1E7A4F7556}") = "DynamicMethodsLib", "DynamicMethodsLib\DynamicMethodsLib.csproj", "{F3F7023E-C0A8-420F-8511-5B637156B944}"
EndProject
Project("{2150E333-8FDC-42A3-9474-1A3956D46DE8}") = "Tools", "Tools", "{B1A860A7-E4F5-49C2-801C-F748EA0949AD}"
EndProject
Project("{9A19103F-16F7-4668-BE54-9A1E7A4F7556}") = "DbMigrator", "Tools\DbMigrator\DbMigrator.csproj", "{D922CEBB-4FC5-486B-AD6B-5B57B513ADDC}"
EndProject
Project("{2150E333-8FDC-42A3-9474-1A3956D46DE8}") = "DataBase", "DataBase", "{A498B46C-D79F-41A8-B596-C33C796B4D7A}"
EndProject
Project("{9A19103F-16F7-4668-BE54-9A1E7A4F7556}") = "DbModel", "DataBase\DbModel\DbModel.csproj", "{88AE96FF-98C7-4B5D-9B2C-363B09B9EE4B}"
EndProject
Project("{9A19103F-16F7-4668-BE54-9A1E7A4F7556}") = "EfProvider", "DataBase\EfProvider\EfProvider.csproj", "{9B397569-51DC-4CA1-896A-EB11B44E0FF1}"
EndProject
Project("{9A19103F-16F7-4668-BE54-9A1E7A4F7556}") = "DataGenerator", "Tools\DataGenerator\DataGenerator.csproj", "{4ED765F1-D214-4D7C-8180-6875B39D5030}"
EndProject
Project("{FAE04EC0-301F-11D3-BF4B-00C04F79EFBC}") = "DBCore", "DataBase\DBCore\DBCore.csproj", "{775B239D-63E5-4A82-A561-DB914E27810C}"
EndProject
Project("{FAE04EC0-301F-11D3-BF4B-00C04F79EFBC}") = "Dto", "Dto\Dto.csproj", "{556E5820-31FA-4D78-A90B-28F7174E84F6}"
EndProject
Global
	GlobalSection(SolutionConfigurationPlatforms) = preSolution
		Debug|Any CPU = Debug|Any CPU
		Release|Any CPU = Release|Any CPU
	EndGlobalSection
	GlobalSection(ProjectConfigurationPlatforms) = postSolution
		{CF82EA1D-1D75-41AB-91A2-711E7D5A6CB9}.Debug|Any CPU.ActiveCfg = Debug|Any CPU
		{CF82EA1D-1D75-41AB-91A2-711E7D5A6CB9}.Debug|Any CPU.Build.0 = Debug|Any CPU
		{CF82EA1D-1D75-41AB-91A2-711E7D5A6CB9}.Release|Any CPU.ActiveCfg = Release|Any CPU
		{CF82EA1D-1D75-41AB-91A2-711E7D5A6CB9}.Release|Any CPU.Build.0 = Release|Any CPU
		{80ED870E-3242-497A-A0D1-A4C68BF50106}.Debug|Any CPU.ActiveCfg = Debug|Any CPU
		{80ED870E-3242-497A-A0D1-A4C68BF50106}.Debug|Any CPU.Build.0 = Debug|Any CPU
		{80ED870E-3242-497A-A0D1-A4C68BF50106}.Release|Any CPU.ActiveCfg = Release|Any CPU
		{80ED870E-3242-497A-A0D1-A4C68BF50106}.Release|Any CPU.Build.0 = Release|Any CPU
		{1B7F7C87-34D0-4DF4-84CF-AAE97101F791}.Debug|Any CPU.ActiveCfg = Debug|Any CPU
		{1B7F7C87-34D0-4DF4-84CF-AAE97101F791}.Debug|Any CPU.Build.0 = Debug|Any CPU
		{1B7F7C87-34D0-4DF4-84CF-AAE97101F791}.Release|Any CPU.ActiveCfg = Release|Any CPU
		{1B7F7C87-34D0-4DF4-84CF-AAE97101F791}.Release|Any CPU.Build.0 = Release|Any CPU
		{CFF18421-F020-4D7A-8F0A-D83ACCE53622}.Debug|Any CPU.ActiveCfg = Debug|Any CPU
		{CFF18421-F020-4D7A-8F0A-D83ACCE53622}.Debug|Any CPU.Build.0 = Debug|Any CPU
		{CFF18421-F020-4D7A-8F0A-D83ACCE53622}.Release|Any CPU.ActiveCfg = Release|Any CPU
		{CFF18421-F020-4D7A-8F0A-D83ACCE53622}.Release|Any CPU.Build.0 = Release|Any CPU
		{F3F7023E-C0A8-420F-8511-5B637156B944}.Debug|Any CPU.ActiveCfg = Debug|Any CPU
		{F3F7023E-C0A8-420F-8511-5B637156B944}.Debug|Any CPU.Build.0 = Debug|Any CPU
		{F3F7023E-C0A8-420F-8511-5B637156B944}.Release|Any CPU.ActiveCfg = Release|Any CPU
		{F3F7023E-C0A8-420F-8511-5B637156B944}.Release|Any CPU.Build.0 = Release|Any CPU
		{D922CEBB-4FC5-486B-AD6B-5B57B513ADDC}.Debug|Any CPU.ActiveCfg = Debug|Any CPU
		{D922CEBB-4FC5-486B-AD6B-5B57B513ADDC}.Debug|Any CPU.Build.0 = Debug|Any CPU
		{D922CEBB-4FC5-486B-AD6B-5B57B513ADDC}.Release|Any CPU.ActiveCfg = Release|Any CPU
		{D922CEBB-4FC5-486B-AD6B-5B57B513ADDC}.Release|Any CPU.Build.0 = Release|Any CPU
		{88AE96FF-98C7-4B5D-9B2C-363B09B9EE4B}.Debug|Any CPU.ActiveCfg = Debug|Any CPU
		{88AE96FF-98C7-4B5D-9B2C-363B09B9EE4B}.Debug|Any CPU.Build.0 = Debug|Any CPU
		{88AE96FF-98C7-4B5D-9B2C-363B09B9EE4B}.Release|Any CPU.ActiveCfg = Release|Any CPU
		{88AE96FF-98C7-4B5D-9B2C-363B09B9EE4B}.Release|Any CPU.Build.0 = Release|Any CPU
		{9B397569-51DC-4CA1-896A-EB11B44E0FF1}.Debug|Any CPU.ActiveCfg = Debug|Any CPU
		{9B397569-51DC-4CA1-896A-EB11B44E0FF1}.Debug|Any CPU.Build.0 = Debug|Any CPU
		{9B397569-51DC-4CA1-896A-EB11B44E0FF1}.Release|Any CPU.ActiveCfg = Release|Any CPU
		{9B397569-51DC-4CA1-896A-EB11B44E0FF1}.Release|Any CPU.Build.0 = Release|Any CPU
		{4ED765F1-D214-4D7C-8180-6875B39D5030}.Debug|Any CPU.ActiveCfg = Debug|Any CPU
		{4ED765F1-D214-4D7C-8180-6875B39D5030}.Debug|Any CPU.Build.0 = Debug|Any CPU
		{4ED765F1-D214-4D7C-8180-6875B39D5030}.Release|Any CPU.ActiveCfg = Release|Any CPU
		{4ED765F1-D214-4D7C-8180-6875B39D5030}.Release|Any CPU.Build.0 = Release|Any CPU
		{775B239D-63E5-4A82-A561-DB914E27810C}.Debug|Any CPU.ActiveCfg = Debug|Any CPU
		{775B239D-63E5-4A82-A561-DB914E27810C}.Debug|Any CPU.Build.0 = Debug|Any CPU
		{775B239D-63E5-4A82-A561-DB914E27810C}.Release|Any CPU.ActiveCfg = Release|Any CPU
		{775B239D-63E5-4A82-A561-DB914E27810C}.Release|Any CPU.Build.0 = Release|Any CPU
		{556E5820-31FA-4D78-A90B-28F7174E84F6}.Debug|Any CPU.ActiveCfg = Debug|Any CPU
		{556E5820-31FA-4D78-A90B-28F7174E84F6}.Debug|Any CPU.Build.0 = Debug|Any CPU
		{556E5820-31FA-4D78-A90B-28F7174E84F6}.Release|Any CPU.ActiveCfg = Release|Any CPU
		{556E5820-31FA-4D78-A90B-28F7174E84F6}.Release|Any CPU.Build.0 = Release|Any CPU
	EndGlobalSection
	GlobalSection(SolutionProperties) = preSolution
		HideSolutionNode = FALSE
	EndGlobalSection
	GlobalSection(NestedProjects) = preSolution
		{CFF18421-F020-4D7A-8F0A-D83ACCE53622} = {B1A860A7-E4F5-49C2-801C-F748EA0949AD}
		{D922CEBB-4FC5-486B-AD6B-5B57B513ADDC} = {B1A860A7-E4F5-49C2-801C-F748EA0949AD}
		{88AE96FF-98C7-4B5D-9B2C-363B09B9EE4B} = {A498B46C-D79F-41A8-B596-C33C796B4D7A}
		{9B397569-51DC-4CA1-896A-EB11B44E0FF1} = {A498B46C-D79F-41A8-B596-C33C796B4D7A}
		{4ED765F1-D214-4D7C-8180-6875B39D5030} = {B1A860A7-E4F5-49C2-801C-F748EA0949AD}
		{775B239D-63E5-4A82-A561-DB914E27810C} = {A498B46C-D79F-41A8-B596-C33C796B4D7A}
	EndGlobalSection
	GlobalSection(ExtensibilityGlobals) = postSolution
		SolutionGuid = {C71F0D1F-BA20-45CD-8FAF-5888CDA21104}
	EndGlobalSection
EndGlobal
